
Microsoft Visual Studio Solution File, Format Version 12.00
# Visual Studio Version 16
VisualStudioVersion = 16.0.30907.101
MinimumVisualStudioVersion = 10.0.40219.1
Project("{FAE04EC0-301F-11D3-BF4B-00C04F79EFBC}") = "LoanCalc", "LoanCalc\LoanCalc.csproj", "{A9A79B03-4ACD-4123-AAD8-3D82B5BB9299}"
EndProject
Project("{FAE04EC0-301F-11D3-BF4B-00C04F79EFBC}") = "LoanCalc.Test", "LoanCalc.Test\LoanCalc.Test.csproj", "{02065A7B-83C9-4669-A858-4814AFEABC2A}"
EndProject
Global
	GlobalSection(SolutionConfigurationPlatforms) = preSolution
		Debug|Any CPU = Debug|Any CPU
		Release|Any CPU = Release|Any CPU
	EndGlobalSection
	GlobalSection(ProjectConfigurationPlatforms) = postSolution
		{A9A79B03-4ACD-4123-AAD8-3D82B5BB9299}.Debug|Any CPU.ActiveCfg = Debug|Any CPU
		{A9A79B03-4ACD-4123-AAD8-3D82B5BB9299}.Debug|Any CPU.Build.0 = Debug|Any CPU
		{A9A79B03-4ACD-4123-AAD8-3D82B5BB9299}.Release|Any CPU.ActiveCfg = Release|Any CPU
		{A9A79B03-4ACD-4123-AAD8-3D82B5BB9299}.Release|Any CPU.Build.0 = Release|Any CPU
		{02065A7B-83C9-4669-A858-4814AFEABC2A}.Debug|Any CPU.ActiveCfg = Debug|Any CPU
		{02065A7B-83C9-4669-A858-4814AFEABC2A}.Debug|Any CPU.Build.0 = Debug|Any CPU
		{02065A7B-83C9-4669-A858-4814AFEABC2A}.Release|Any CPU.ActiveCfg = Release|Any CPU
		{02065A7B-83C9-4669-A858-4814AFEABC2A}.Release|Any CPU.Build.0 = Release|Any CPU
	EndGlobalSection
	GlobalSection(SolutionProperties) = preSolution
		HideSolutionNode = FALSE
	EndGlobalSection
	GlobalSection(ExtensibilityGlobals) = postSolution
		SolutionGuid = {32DD9231-41A8-4F93-B8EE-3260B27740CD}
	EndGlobalSection
EndGlobal
